
Microsoft Visual Studio Solution File, Format Version 11.00
# Visual Studio 2010
Project("{FAE04EC0-301F-11D3-BF4B-00C04F79EFBC}") = "UnityEngine.TestRunner", "UnityEngine.TestRunner.csproj", "{fa4ac79a-ea5e-9e79-c7dd-16780dcac8dd}"
EndProject
Project("{FAE04EC0-301F-11D3-BF4B-00C04F79EFBC}") = "Unity.Mathematics", "Unity.Mathematics.csproj", "{d282c562-2363-55a8-9e0b-828a3d1caf14}"
EndProject
Project("{FAE04EC0-301F-11D3-BF4B-00C04F79EFBC}") = "Unity.2D.Animation.Triangle.Runtime", "Unity.2D.Animation.Triangle.Runtime.csproj", "{ea79d175-c7a3-1695-3ab0-faa6612cd9a9}"
EndProject
Project("{FAE04EC0-301F-11D3-BF4B-00C04F79EFBC}") = "Unity.Timeline", "Unity.Timeline.csproj", "{38265fb4-adc5-51fb-2fa0-839ceeaa3708}"
EndProject
Project("{FAE04EC0-301F-11D3-BF4B-00C04F79EFBC}") = "UnityEngine.UI", "UnityEngine.UI.csproj", "{85db6a96-0164-094f-f99d-d2b7fc272fd8}"
EndProject
Project("{FAE04EC0-301F-11D3-BF4B-00C04F79EFBC}") = "Unity.TextMeshPro", "Unity.TextMeshPro.csproj", "{5b0180a2-9f6d-d1b6-1b06-33cc3b70a6db}"
EndProject
Project("{FAE04EC0-301F-11D3-BF4B-00C04F79EFBC}") = "Unity.2D.Animation.Runtime", "Unity.2D.Animation.Runtime.csproj", "{3b587f1a-9507-8044-cb7b-13a21ed8f4bb}"
EndProject
Project("{FAE04EC0-301F-11D3-BF4B-00C04F79EFBC}") = "Unity.2D.IK.Runtime", "Unity.2D.IK.Runtime.csproj", "{efce9c49-3c1b-a5d2-44a7-d08aff7dc489}"
EndProject
Project("{FAE04EC0-301F-11D3-BF4B-00C04F79EFBC}") = "Unity.2D.SpriteShape.Runtime", "Unity.2D.SpriteShape.Runtime.csproj", "{2310e8da-f2d6-0eef-fcb3-ddb0153cd26e}"
EndProject
Project("{FAE04EC0-301F-11D3-BF4B-00C04F79EFBC}") = "Unity.2D.PixelPerfect", "Unity.2D.PixelPerfect.csproj", "{e400f155-b4f7-2a1e-d877-ba5b70651f8b}"
EndProject
Project("{FAE04EC0-301F-11D3-BF4B-00C04F79EFBC}") = "Unity.2D.Common.Runtime", "Unity.2D.Common.Runtime.csproj", "{51ea2309-4f15-ee0b-ebaa-03392793a0a1}"
EndProject
Project("{FAE04EC0-301F-11D3-BF4B-00C04F79EFBC}") = "Unity.InternalAPIEngineBridge.001", "Unity.InternalAPIEngineBridge.001.csproj", "{fffc1538-d4b5-8e4b-ee3e-2b4014f1ee4e}"
EndProject
Project("{FAE04EC0-301F-11D3-BF4B-00C04F79EFBC}") = "Assembly-CSharp-firstpass", "Assembly-CSharp-firstpass.csproj", "{110c9c76-6d1c-760e-6f20-2509a277415c}"
EndProject
Project("{FAE04EC0-301F-11D3-BF4B-00C04F79EFBC}") = "Assembly-CSharp", "Assembly-CSharp.csproj", "{81956668-959b-550c-988f-5e964408457f}"
EndProject
Project("{FAE04EC0-301F-11D3-BF4B-00C04F79EFBC}") = "UniRx", "UniRx.csproj", "{85343201-d6f1-78ec-40cc-e4acc7ac66cf}"
EndProject
Project("{FAE04EC0-301F-11D3-BF4B-00C04F79EFBC}") = "UniRx.Examples", "UniRx.Examples.csproj", "{3b941e85-b047-3dbe-1d7b-1e920aa31624}"
EndProject
Project("{FAE04EC0-301F-11D3-BF4B-00C04F79EFBC}") = "UnityEditor.TestRunner", "UnityEditor.TestRunner.csproj", "{2a196f3e-7c0c-596f-f1cc-e516577cacdf}"
EndProject
Project("{FAE04EC0-301F-11D3-BF4B-00C04F79EFBC}") = "UnityEditor.UI", "UnityEditor.UI.csproj", "{f0512940-4095-6990-09da-6cbab1d754c4}"
EndProject
Project("{FAE04EC0-301F-11D3-BF4B-00C04F79EFBC}") = "Unity.Timeline.Editor", "Unity.Timeline.Editor.csproj", "{3bcc8a66-be45-4c3c-f019-46607ddaf09d}"
EndProject
Project("{FAE04EC0-301F-11D3-BF4B-00C04F79EFBC}") = "Unity.VisualStudio.Editor", "Unity.VisualStudio.Editor.csproj", "{baff9586-d139-3e15-146f-dc1c5962e82f}"
EndProject
Project("{FAE04EC0-301F-11D3-BF4B-00C04F79EFBC}") = "Unity.2D.Psdimporter.Editor", "Unity.2D.Psdimporter.Editor.csproj", "{8b2ae3ac-b993-9c8d-07b8-1f1708b28a39}"
EndProject
Project("{FAE04EC0-301F-11D3-BF4B-00C04F79EFBC}") = "Unity.2D.Animation.Editor", "Unity.2D.Animation.Editor.csproj", "{be91f568-ff9b-9c5e-60b4-46498fea9f53}"
EndProject
Project("{FAE04EC0-301F-11D3-BF4B-00C04F79EFBC}") = "Unity.TextMeshPro.Editor", "Unity.TextMeshPro.Editor.csproj", "{25f8a374-d41e-b483-e4d4-2eb4f65553b4}"
EndProject
Project("{FAE04EC0-301F-11D3-BF4B-00C04F79EFBC}") = "Unity.2D.SpriteShape.Editor", "Unity.2D.SpriteShape.Editor.csproj", "{b68ae06f-844a-3df9-b9af-065a69698c62}"
EndProject
Project("{FAE04EC0-301F-11D3-BF4B-00C04F79EFBC}") = "Unity.CollabProxy.Editor", "Unity.CollabProxy.Editor.csproj", "{5382ccbf-7795-bcdf-223f-e17183b2a6a7}"
EndProject
Project("{FAE04EC0-301F-11D3-BF4B-00C04F79EFBC}") = "PsdPlugin", "PsdPlugin.csproj", "{1ca951ad-9f7b-f888-b19b-b38ddd091cd9}"
EndProject
Project("{FAE04EC0-301F-11D3-BF4B-00C04F79EFBC}") = "Unity.2D.Path.Editor", "Unity.2D.Path.Editor.csproj", "{e41cecbc-1186-db24-0743-a139c5dfbf28}"
EndProject
Project("{FAE04EC0-301F-11D3-BF4B-00C04F79EFBC}") = "Unity.Rider.Editor", "Unity.Rider.Editor.csproj", "{45bdbad0-be50-bc0a-ce76-d95e4cc8061d}"
EndProject
Project("{FAE04EC0-301F-11D3-BF4B-00C04F79EFBC}") = "Unity.2D.IK.Editor", "Unity.2D.IK.Editor.csproj", "{a5498700-dfdd-b38e-b4ed-968da6fb1c6b}"
EndProject
Project("{FAE04EC0-301F-11D3-BF4B-00C04F79EFBC}") = "Unity.2D.Sprite.Editor", "Unity.2D.Sprite.Editor.csproj", "{de66904c-ea65-e4c7-c5e1-d0bb45be312a}"
EndProject
Project("{FAE04EC0-301F-11D3-BF4B-00C04F79EFBC}") = "Unity.2D.Tilemap.Editor", "Unity.2D.Tilemap.Editor.csproj", "{971ea3af-61aa-746f-7c67-3f70e7d3a181}"
EndProject
Project("{FAE04EC0-301F-11D3-BF4B-00C04F79EFBC}") = "Unity.2D.PixelPerfect.Editor", "Unity.2D.PixelPerfect.Editor.csproj", "{4cfac2d9-a477-0f04-12d0-0deb8d051165}"
EndProject
Project("{FAE04EC0-301F-11D3-BF4B-00C04F79EFBC}") = "Unity.VSCode.Editor", "Unity.VSCode.Editor.csproj", "{770aff86-f8f1-8642-58d5-ef1a5f1781e7}"
EndProject
Project("{FAE04EC0-301F-11D3-BF4B-00C04F79EFBC}") = "Unity.2D.Common.Editor", "Unity.2D.Common.Editor.csproj", "{77cdbad3-4081-f2cb-d7c3-6e71f49a0bfa}"
EndProject
Project("{FAE04EC0-301F-11D3-BF4B-00C04F79EFBC}") = "Unity.Mathematics.Editor", "Unity.Mathematics.Editor.csproj", "{23d3334d-a015-25d0-18b2-d89d87ce4cd1}"
EndProject
Project("{FAE04EC0-301F-11D3-BF4B-00C04F79EFBC}") = "Unity.InternalAPIEditorBridge.001", "Unity.InternalAPIEditorBridge.001.csproj", "{c450c13c-ef8d-2849-c7c1-653b2885a179}"
EndProject
Global
	GlobalSection(SolutionConfigurationPlatforms) = preSolution
		Debug|Any CPU = Debug|Any CPU
	EndGlobalSection
	GlobalSection(ProjectConfigurationPlatforms) = postSolution
		{fa4ac79a-ea5e-9e79-c7dd-16780dcac8dd}.Debug|Any CPU.ActiveCfg = Debug|Any CPU
		{fa4ac79a-ea5e-9e79-c7dd-16780dcac8dd}.Debug|Any CPU.Build.0 = Debug|Any CPU
		{d282c562-2363-55a8-9e0b-828a3d1caf14}.Debug|Any CPU.ActiveCfg = Debug|Any CPU
		{d282c562-2363-55a8-9e0b-828a3d1caf14}.Debug|Any CPU.Build.0 = Debug|Any CPU
		{ea79d175-c7a3-1695-3ab0-faa6612cd9a9}.Debug|Any CPU.ActiveCfg = Debug|Any CPU
		{ea79d175-c7a3-1695-3ab0-faa6612cd9a9}.Debug|Any CPU.Build.0 = Debug|Any CPU
		{38265fb4-adc5-51fb-2fa0-839ceeaa3708}.Debug|Any CPU.ActiveCfg = Debug|Any CPU
		{38265fb4-adc5-51fb-2fa0-839ceeaa3708}.Debug|Any CPU.Build.0 = Debug|Any CPU
		{85db6a96-0164-094f-f99d-d2b7fc272fd8}.Debug|Any CPU.ActiveCfg = Debug|Any CPU
		{85db6a96-0164-094f-f99d-d2b7fc272fd8}.Debug|Any CPU.Build.0 = Debug|Any CPU
		{5b0180a2-9f6d-d1b6-1b06-33cc3b70a6db}.Debug|Any CPU.ActiveCfg = Debug|Any CPU
		{5b0180a2-9f6d-d1b6-1b06-33cc3b70a6db}.Debug|Any CPU.Build.0 = Debug|Any CPU
		{3b587f1a-9507-8044-cb7b-13a21ed8f4bb}.Debug|Any CPU.ActiveCfg = Debug|Any CPU
		{3b587f1a-9507-8044-cb7b-13a21ed8f4bb}.Debug|Any CPU.Build.0 = Debug|Any CPU
		{efce9c49-3c1b-a5d2-44a7-d08aff7dc489}.Debug|Any CPU.ActiveCfg = Debug|Any CPU
		{efce9c49-3c1b-a5d2-44a7-d08aff7dc489}.Debug|Any CPU.Build.0 = Debug|Any CPU
		{2310e8da-f2d6-0eef-fcb3-ddb0153cd26e}.Debug|Any CPU.ActiveCfg = Debug|Any CPU
		{2310e8da-f2d6-0eef-fcb3-ddb0153cd26e}.Debug|Any CPU.Build.0 = Debug|Any CPU
		{e400f155-b4f7-2a1e-d877-ba5b70651f8b}.Debug|Any CPU.ActiveCfg = Debug|Any CPU
		{e400f155-b4f7-2a1e-d877-ba5b70651f8b}.Debug|Any CPU.Build.0 = Debug|Any CPU
		{51ea2309-4f15-ee0b-ebaa-03392793a0a1}.Debug|Any CPU.ActiveCfg = Debug|Any CPU
		{51ea2309-4f15-ee0b-ebaa-03392793a0a1}.Debug|Any CPU.Build.0 = Debug|Any CPU
		{fffc1538-d4b5-8e4b-ee3e-2b4014f1ee4e}.Debug|Any CPU.ActiveCfg = Debug|Any CPU
		{fffc1538-d4b5-8e4b-ee3e-2b4014f1ee4e}.Debug|Any CPU.Build.0 = Debug|Any CPU
		{110c9c76-6d1c-760e-6f20-2509a277415c}.Debug|Any CPU.ActiveCfg = Debug|Any CPU
		{110c9c76-6d1c-760e-6f20-2509a277415c}.Debug|Any CPU.Build.0 = Debug|Any CPU
		{81956668-959b-550c-988f-5e964408457f}.Debug|Any CPU.ActiveCfg = Debug|Any CPU
		{81956668-959b-550c-988f-5e964408457f}.Debug|Any CPU.Build.0 = Debug|Any CPU
		{85343201-d6f1-78ec-40cc-e4acc7ac66cf}.Debug|Any CPU.ActiveCfg = Debug|Any CPU
		{85343201-d6f1-78ec-40cc-e4acc7ac66cf}.Debug|Any CPU.Build.0 = Debug|Any CPU
		{3b941e85-b047-3dbe-1d7b-1e920aa31624}.Debug|Any CPU.ActiveCfg = Debug|Any CPU
		{3b941e85-b047-3dbe-1d7b-1e920aa31624}.Debug|Any CPU.Build.0 = Debug|Any CPU
		{2a196f3e-7c0c-596f-f1cc-e516577cacdf}.Debug|Any CPU.ActiveCfg = Debug|Any CPU
		{2a196f3e-7c0c-596f-f1cc-e516577cacdf}.Debug|Any CPU.Build.0 = Debug|Any CPU
		{f0512940-4095-6990-09da-6cbab1d754c4}.Debug|Any CPU.ActiveCfg = Debug|Any CPU
		{f0512940-4095-6990-09da-6cbab1d754c4}.Debug|Any CPU.Build.0 = Debug|Any CPU
		{3bcc8a66-be45-4c3c-f019-46607ddaf09d}.Debug|Any CPU.ActiveCfg = Debug|Any CPU
		{3bcc8a66-be45-4c3c-f019-46607ddaf09d}.Debug|Any CPU.Build.0 = Debug|Any CPU
		{baff9586-d139-3e15-146f-dc1c5962e82f}.Debug|Any CPU.ActiveCfg = Debug|Any CPU
		{baff9586-d139-3e15-146f-dc1c5962e82f}.Debug|Any CPU.Build.0 = Debug|Any CPU
		{8b2ae3ac-b993-9c8d-07b8-1f1708b28a39}.Debug|Any CPU.ActiveCfg = Debug|Any CPU
		{8b2ae3ac-b993-9c8d-07b8-1f1708b28a39}.Debug|Any CPU.Build.0 = Debug|Any CPU
		{be91f568-ff9b-9c5e-60b4-46498fea9f53}.Debug|Any CPU.ActiveCfg = Debug|Any CPU
		{be91f568-ff9b-9c5e-60b4-46498fea9f53}.Debug|Any CPU.Build.0 = Debug|Any CPU
		{25f8a374-d41e-b483-e4d4-2eb4f65553b4}.Debug|Any CPU.ActiveCfg = Debug|Any CPU
		{25f8a374-d41e-b483-e4d4-2eb4f65553b4}.Debug|Any CPU.Build.0 = Debug|Any CPU
		{b68ae06f-844a-3df9-b9af-065a69698c62}.Debug|Any CPU.ActiveCfg = Debug|Any CPU
		{b68ae06f-844a-3df9-b9af-065a69698c62}.Debug|Any CPU.Build.0 = Debug|Any CPU
		{5382ccbf-7795-bcdf-223f-e17183b2a6a7}.Debug|Any CPU.ActiveCfg = Debug|Any CPU
		{5382ccbf-7795-bcdf-223f-e17183b2a6a7}.Debug|Any CPU.Build.0 = Debug|Any CPU
		{1ca951ad-9f7b-f888-b19b-b38ddd091cd9}.Debug|Any CPU.ActiveCfg = Debug|Any CPU
		{1ca951ad-9f7b-f888-b19b-b38ddd091cd9}.Debug|Any CPU.Build.0 = Debug|Any CPU
		{e41cecbc-1186-db24-0743-a139c5dfbf28}.Debug|Any CPU.ActiveCfg = Debug|Any CPU
		{e41cecbc-1186-db24-0743-a139c5dfbf28}.Debug|Any CPU.Build.0 = Debug|Any CPU
		{45bdbad0-be50-bc0a-ce76-d95e4cc8061d}.Debug|Any CPU.ActiveCfg = Debug|Any CPU
		{45bdbad0-be50-bc0a-ce76-d95e4cc8061d}.Debug|Any CPU.Build.0 = Debug|Any CPU
		{a5498700-dfdd-b38e-b4ed-968da6fb1c6b}.Debug|Any CPU.ActiveCfg = Debug|Any CPU
		{a5498700-dfdd-b38e-b4ed-968da6fb1c6b}.Debug|Any CPU.Build.0 = Debug|Any CPU
		{de66904c-ea65-e4c7-c5e1-d0bb45be312a}.Debug|Any CPU.ActiveCfg = Debug|Any CPU
		{de66904c-ea65-e4c7-c5e1-d0bb45be312a}.Debug|Any CPU.Build.0 = Debug|Any CPU
		{971ea3af-61aa-746f-7c67-3f70e7d3a181}.Debug|Any CPU.ActiveCfg = Debug|Any CPU
		{971ea3af-61aa-746f-7c67-3f70e7d3a181}.Debug|Any CPU.Build.0 = Debug|Any CPU
		{4cfac2d9-a477-0f04-12d0-0deb8d051165}.Debug|Any CPU.ActiveCfg = Debug|Any CPU
		{4cfac2d9-a477-0f04-12d0-0deb8d051165}.Debug|Any CPU.Build.0 = Debug|Any CPU
		{770aff86-f8f1-8642-58d5-ef1a5f1781e7}.Debug|Any CPU.ActiveCfg = Debug|Any CPU
		{770aff86-f8f1-8642-58d5-ef1a5f1781e7}.Debug|Any CPU.Build.0 = Debug|Any CPU
		{77cdbad3-4081-f2cb-d7c3-6e71f49a0bfa}.Debug|Any CPU.ActiveCfg = Debug|Any CPU
		{77cdbad3-4081-f2cb-d7c3-6e71f49a0bfa}.Debug|Any CPU.Build.0 = Debug|Any CPU
		{23d3334d-a015-25d0-18b2-d89d87ce4cd1}.Debug|Any CPU.ActiveCfg = Debug|Any CPU
		{23d3334d-a015-25d0-18b2-d89d87ce4cd1}.Debug|Any CPU.Build.0 = Debug|Any CPU
		{c450c13c-ef8d-2849-c7c1-653b2885a179}.Debug|Any CPU.ActiveCfg = Debug|Any CPU
		{c450c13c-ef8d-2849-c7c1-653b2885a179}.Debug|Any CPU.Build.0 = Debug|Any CPU
	EndGlobalSection
	GlobalSection(SolutionProperties) = preSolution
		HideSolutionNode = FALSE
	EndGlobalSection
EndGlobal
